lockfileVersion: '6.0'

settings:
  autoInstallPeers: true
  excludeLinksFromLockfile: false

importers:

  .:
    devDependencies:
      '@biomejs/biome':
        specifier: 1.6.0
        version: 1.6.0
      turbo:
        specifier: 1.12.5
        version: 1.12.5
      typescript:
        specifier: 5.4.2
        version: 5.4.2

  packages/tsconfig:
    devDependencies:
      typescript:
        specifier: 5.4.2
        version: 5.4.2

packages:

  /@biomejs/biome@1.6.0:
    resolution: {integrity: sha512-hvP8K1+CV8qc9eNdXtPwzScVxFSHB448CPKSqX6+8IW8G7bbhBVKGC80BowExJN5+vu+kzsj4xkWa780MAOlJw==}
    engines: {node: '>=14.*'}
    hasBin: true
    requiresBuild: true
    optionalDependencies:
      '@biomejs/cli-darwin-arm64': 1.6.0
      '@biomejs/cli-darwin-x64': 1.6.0
      '@biomejs/cli-linux-arm64': 1.6.0
      '@biomejs/cli-linux-arm64-musl': 1.6.0
      '@biomejs/cli-linux-x64': 1.6.0
      '@biomejs/cli-linux-x64-musl': 1.6.0
      '@biomejs/cli-win32-arm64': 1.6.0
      '@biomejs/cli-win32-x64': 1.6.0
    dev: true

  /@biomejs/cli-darwin-arm64@1.6.0:
    resolution: {integrity: sha512-K1Fjqye5pt+Ua+seC7V/2bFjfnqOaEOcQbBQSiiefB/VPNOb6lA5NFIfJ1PskTA3JrMXE1k7iqKQn56qrKFS6A==}
    engines: {node: '>=14.*'}
    cpu: [arm64]
    os: [darwin]
    requiresBuild: true
    dev: true
    optional: true

  /@biomejs/cli-darwin-x64@1.6.0:
    resolution: {integrity: sha512-CjEALu6vN9RbcfhaBDoj481mesUIsUjxgQn+/kiMCea+Paypqslhez1I7OwRBJnkzz+Pa+PXdABd7S30eyy6+Q==}
    engines: {node: '>=14.*'}
    cpu: [x64]
    os: [darwin]
    requiresBuild: true
    dev: true
    optional: true

  /@biomejs/cli-linux-arm64-musl@1.6.0:
    resolution: {integrity: sha512-prww6AUuJ+IO/GziN3WjtGM/DNOVuPFxqWrK97wKTZygEDdA+o1qHUN2HeCkSyk084xnzbMSbls5xscAKAn43A==}
    engines: {node: '>=14.*'}
    cpu: [arm64]
    os: [linux]
    requiresBuild: true
    dev: true
    optional: true

  /@biomejs/cli-linux-arm64@1.6.0:
    resolution: {integrity: sha512-32LVrC7dAgQT39YZ0ieO/VzzpAflozs9mW5K0oKNef7S4ocCdk89E98eXApxOdei0JTf3vfseDCl1AUIp6MwJw==}
    engines: {node: '>=14.*'}
    cpu: [arm64]
    os: [linux]
    requiresBuild: true
    dev: true
    optional: true

  /@biomejs/cli-linux-x64-musl@1.6.0:
    resolution: {integrity: sha512-NwitWeUKCy8G/rr+rgHPYirnrsOjJEJBWODdaRzweeFNcJjvO6de6AmNdSJzsewzLEaxjOWyoXU03MdzbGz/6Q==}
    engines: {node: '>=14.*'}
    cpu: [x64]
    os: [linux]
    requiresBuild: true
    dev: true
    optional: true

  /@biomejs/cli-linux-x64@1.6.0:
    resolution: {integrity: sha512-b6mWu9Cu4w5B3K46wq9SlxKEZEEL6II/6HFNAuZ4YL8mOeQ0FTMU+wNMJFKkmkSE2zvim3xwW3PknmbLKbe3Mg==}
    engines: {node: '>=14.*'}
    cpu: [x64]
    os: [linux]
    requiresBuild: true
    dev: true
    optional: true

  /@biomejs/cli-win32-arm64@1.6.0:
    resolution: {integrity: sha512-DlNOL6mG+76iZS1gL/UiuMme7jnt+auzo2+u0aUq6UXYsb75juchwlnVLy2UV5CQjVBRB8+RM+KVoXRZ8NlBjQ==}
    engines: {node: '>=14.*'}
    cpu: [arm64]
    os: [win32]
    requiresBuild: true
    dev: true
    optional: true

  /@biomejs/cli-win32-x64@1.6.0:
    resolution: {integrity: sha512-sXBcXIOGuG8/XcHqmnkhLIs0oy6Dp+TkH4Alr4WH/P8mNsp5GcStI/ZwbEiEoxA0P3Fi+oUppQ6srxaY2rSCHg==}
    engines: {node: '>=14.*'}
    cpu: [x64]
    os: [win32]
    requiresBuild: true
    dev: true
    optional: true

  /turbo-darwin-64@1.12.5:
    resolution: {integrity: sha512-0GZ8reftwNQgIQLHkHjHEXTc/Z1NJm+YjsrBP+qhM/7yIZ3TEy9gJhuogDt2U0xIWwFgisTyzbtU7xNaQydtoA==}
    cpu: [x64]
    os: [darwin]
    requiresBuild: true
    dev: true
    optional: true

  /turbo-darwin-arm64@1.12.5:
    resolution: {integrity: sha512-8WpOLNNzvH6kohQOjihD+gaWL+ZFNfjvBwhOF0rjEzvW+YR3Pa7KjhulrjWyeN2yMFqAPubTbZIGOz1EVXLuQA==}
    cpu: [arm64]
    os: [darwin]
    requiresBuild: true
    dev: true
    optional: true

  /turbo-linux-64@1.12.5:
    resolution: {integrity: sha512-INit73+bNUpwqGZCxgXCR3I+cQsdkQ3/LkfkgSOibkpg+oGqxJRzeXw3sp990d7SCoE8QOcs3iw+PtiFX/LDAA==}
    cpu: [x64]
    os: [linux]
    requiresBuild: true
    dev: true
    optional: true

  /turbo-linux-arm64@1.12.5:
    resolution: {integrity: sha512-6lkRBvxtI/GQdGtaAec9LvVQUoRw6nXFp0kM+Eu+5PbZqq7yn6cMkgDJLI08zdeui36yXhone8XGI8pHg8bpUQ==}
    cpu: [arm64]
    os: [linux]
    requiresBuild: true
    dev: true
    optional: true

  /turbo-windows-64@1.12.5:
    resolution: {integrity: sha512-gQYbOhZg5Ww0bQ/bC0w/4W6yQRwBumUUnkB+QPo15VznwxZe2a7bo6JM+9Xy9dKLa/kn+p7zTqme4OEp6M3/Yg==}
    cpu: [x64]
    os: [win32]
    requiresBuild: true
    dev: true
    optional: true

  /turbo-windows-arm64@1.12.5:
    resolution: {integrity: sha512-auvhZ9FrhnvQ4mgBlY9O68MT4dIfprYGvd2uPICba/mHUZZvVy5SGgbHJ0KbMwaJfnnFoPgLJO6M+3N2gDprKw==}
    cpu: [arm64]
    os: [win32]
    requiresBuild: true
    dev: true
    optional: true

  /turbo@1.12.5:
    resolution: {integrity: sha512-FATU5EnhrYG8RvQJYFJnDd18DpccDjyvd53hggw9T9JEg9BhWtIEoeaKtBjYbpXwOVrJQMDdXcIB4f2nD3QPPg==}
    hasBin: true
    optionalDependencies:
      turbo-darwin-64: 1.12.5
      turbo-darwin-arm64: 1.12.5
      turbo-linux-64: 1.12.5
      turbo-linux-arm64: 1.12.5
      turbo-windows-64: 1.12.5
      turbo-windows-arm64: 1.12.5
    dev: true

  /typescript@5.4.2:
    resolution: {integrity: sha512-+2/g0Fds1ERlP6JsakQQDXjZdZMM+rqpamFZJEKh4kwTIn3iDkgKtby0CeNd5ATNZ4Ry1ax15TMx0W2V+miizQ==}
    engines: {node: '>=14.17'}
    hasBin: true
    dev: true
